
Microsoft Visual Studio Solution File, Format Version 12.00
# Visual Studio Version 17
VisualStudioVersion = 17.9.34607.119
MinimumVisualStudioVersion = 10.0.40219.1
Project("{FAE04EC0-301F-11D3-BF4B-00C04F79EFBC}") = "engtest", "engtest\engtest.csproj", "{42AD286C-332B-4D8D-9258-8534F4EE474D}"
EndProject
Global
	GlobalSection(SolutionConfigurationPlatforms) = preSolution
		Debug|Any CPU = Debug|Any CPU
		Release|Any CPU = Release|Any CPU
	EndGlobalSection
	GlobalSection(ProjectConfigurationPlatforms) = postSolution
		{42AD286C-332B-4D8D-9258-8534F4EE474D}.Debug|Any CPU.ActiveCfg = Debug|Any CPU
		{42AD286C-332B-4D8D-9258-8534F4EE474D}.Debug|Any CPU.Build.0 = Debug|Any CPU
		{42AD286C-332B-4D8D-9258-8534F4EE474D}.Release|Any CPU.ActiveCfg = Release|Any CPU
		{42AD286C-332B-4D8D-9258-8534F4EE474D}.Release|Any CPU.Build.0 = Release|Any CPU
	EndGlobalSection
	GlobalSection(SolutionProperties) = preSolution
		HideSolutionNode = FALSE
	EndGlobalSection
	GlobalSection(ExtensibilityGlobals) = postSolution
		SolutionGuid = {5FEFC7E7-77A7-4B87-A8E4-0F91C2C52F38}
	EndGlobalSection
EndGlobal
